
Microsoft Visual Studio Solution File, Format Version 12.00
# Visual Studio 15
VisualStudioVersion = 15.0.26403.0
MinimumVisualStudioVersion = 10.0.40219.1
Project("{2150E333-8FDC-42A3-9474-1A3956D46DE8}") = "tests", "tests", "{C976F0F8-3743-4BBD-8A7C-53660F2C7B72}"
EndProject
Project("{2150E333-8FDC-42A3-9474-1A3956D46DE8}") = "DNS", "DNS", "{51F9AEF6-9501-46D2-B4DB-481D8B649866}"
	ProjectSection(SolutionItems) = preProject
		.editorconfig = .editorconfig
	EndProjectSection
EndProject
Project("{FAE04EC0-301F-11D3-BF4B-00C04F79EFBC}") = "Charon.Dns.Lib", "Charon.Dns.Lib\Charon.Dns.Lib.csproj", "{0F7004C7-BF98-49D4-8362-FC480E043256}"
EndProject
Project("{FAE04EC0-301F-11D3-BF4B-00C04F79EFBC}") = "Tests", "Tests\Tests.csproj", "{C158CC76-DE88-455A-B6A8-0E334CB47128}"
EndProject
Project("{FAE04EC0-301F-11D3-BF4B-00C04F79EFBC}") = "Charon.Dns", "Charon.Dns\Charon.Dns.csproj", "{2DE7ECB7-E7D4-4206-8425-CA9F8EF67A9D}"
EndProject
Global
	GlobalSection(SolutionConfigurationPlatforms) = preSolution
		Debug|Any CPU = Debug|Any CPU
		Debug|x86 = Debug|x86
		Release|Any CPU = Release|Any CPU
		Release|x86 = Release|x86
	EndGlobalSection
	GlobalSection(ProjectConfigurationPlatforms) = postSolution
		{0F7004C7-BF98-49D4-8362-FC480E043256}.Debug|Any CPU.ActiveCfg = Debug|Any CPU
		{0F7004C7-BF98-49D4-8362-FC480E043256}.Debug|Any CPU.Build.0 = Debug|Any CPU
		{0F7004C7-BF98-49D4-8362-FC480E043256}.Debug|x86.ActiveCfg = Debug|Any CPU
		{0F7004C7-BF98-49D4-8362-FC480E043256}.Debug|x86.Build.0 = Debug|Any CPU
		{0F7004C7-BF98-49D4-8362-FC480E043256}.Release|Any CPU.ActiveCfg = Release|Any CPU
		{0F7004C7-BF98-49D4-8362-FC480E043256}.Release|Any CPU.Build.0 = Release|Any CPU
		{0F7004C7-BF98-49D4-8362-FC480E043256}.Release|x86.ActiveCfg = Release|Any CPU
		{0F7004C7-BF98-49D4-8362-FC480E043256}.Release|x86.Build.0 = Release|Any CPU
		{C158CC76-DE88-455A-B6A8-0E334CB47128}.Debug|Any CPU.ActiveCfg = Debug|Any CPU
		{C158CC76-DE88-455A-B6A8-0E334CB47128}.Debug|Any CPU.Build.0 = Debug|Any CPU
		{C158CC76-DE88-455A-B6A8-0E334CB47128}.Debug|x86.ActiveCfg = Debug|Any CPU
		{C158CC76-DE88-455A-B6A8-0E334CB47128}.Debug|x86.Build.0 = Debug|Any CPU
		{C158CC76-DE88-455A-B6A8-0E334CB47128}.Release|Any CPU.ActiveCfg = Release|Any CPU
		{C158CC76-DE88-455A-B6A8-0E334CB47128}.Release|Any CPU.Build.0 = Release|Any CPU
		{C158CC76-DE88-455A-B6A8-0E334CB47128}.Release|x86.ActiveCfg = Release|Any CPU
		{C158CC76-DE88-455A-B6A8-0E334CB47128}.Release|x86.Build.0 = Release|Any CPU
		{2DE7ECB7-E7D4-4206-8425-CA9F8EF67A9D}.Debug|Any CPU.ActiveCfg = Debug|Any CPU
		{2DE7ECB7-E7D4-4206-8425-CA9F8EF67A9D}.Debug|Any CPU.Build.0 = Debug|Any CPU
		{2DE7ECB7-E7D4-4206-8425-CA9F8EF67A9D}.Debug|x86.ActiveCfg = Debug|Any CPU
		{2DE7ECB7-E7D4-4206-8425-CA9F8EF67A9D}.Debug|x86.Build.0 = Debug|Any CPU
		{2DE7ECB7-E7D4-4206-8425-CA9F8EF67A9D}.Release|Any CPU.ActiveCfg = Release|Any CPU
		{2DE7ECB7-E7D4-4206-8425-CA9F8EF67A9D}.Release|Any CPU.Build.0 = Release|Any CPU
		{2DE7ECB7-E7D4-4206-8425-CA9F8EF67A9D}.Release|x86.ActiveCfg = Release|Any CPU
		{2DE7ECB7-E7D4-4206-8425-CA9F8EF67A9D}.Release|x86.Build.0 = Release|Any CPU
	EndGlobalSection
	GlobalSection(SolutionProperties) = preSolution
		HideSolutionNode = FALSE
	EndGlobalSection
	GlobalSection(NestedProjects) = preSolution
		{0F7004C7-BF98-49D4-8362-FC480E043256} = {51F9AEF6-9501-46D2-B4DB-481D8B649866}
		{C158CC76-DE88-455A-B6A8-0E334CB47128} = {C976F0F8-3743-4BBD-8A7C-53660F2C7B72}
		{2DE7ECB7-E7D4-4206-8425-CA9F8EF67A9D} = {51F9AEF6-9501-46D2-B4DB-481D8B649866}
	EndGlobalSection
EndGlobal
